
Microsoft Visual Studio Solution File, Format Version 12.00
# Visual Studio Version 16
VisualStudioVersion = 16.0.30413.136
MinimumVisualStudioVersion = 10.0.40219.1
Project("{FAE04EC0-301F-11D3-BF4B-00C04F79EFBC}") = "LGD_OC_AstractPlatForm", "LGD_OC_AstractPlatForm\LGD_OC_AstractPlatForm.csproj", "{C39ED9C9-DB1B-43C3-80B7-BE75C6994279}"
EndProject
Global
	GlobalSection(SolutionConfigurationPlatforms) = preSolution
		Debug|Any CPU = Debug|Any CPU
		Release|Any CPU = Release|Any CPU
	EndGlobalSection
	GlobalSection(ProjectConfigurationPlatforms) = postSolution
		{C39ED9C9-DB1B-43C3-80B7-BE75C6994279}.Debug|Any CPU.ActiveCfg = Debug|Any CPU
		{C39ED9C9-DB1B-43C3-80B7-BE75C6994279}.Debug|Any CPU.Build.0 = Debug|Any CPU
		{C39ED9C9-DB1B-43C3-80B7-BE75C6994279}.Release|Any CPU.ActiveCfg = Release|Any CPU
		{C39ED9C9-DB1B-43C3-80B7-BE75C6994279}.Release|Any CPU.Build.0 = Release|Any CPU
	EndGlobalSection
	GlobalSection(SolutionProperties) = preSolution
		HideSolutionNode = FALSE
	EndGlobalSection
	GlobalSection(ExtensibilityGlobals) = postSolution
		SolutionGuid = {E6F42052-83C5-4680-853D-552C2AB0BFD3}
	EndGlobalSection
EndGlobal
